
Microsoft Visual Studio Solution File, Format Version 12.00
# Visual Studio 14
VisualStudioVersion = 14.0.24720.0
MinimumVisualStudioVersion = 10.0.40219.1
Project("{FAE04EC0-301F-11D3-BF4B-00C04F79EFBC}") = "Backeame.WebApi", "Backeame.WebApi\Backeame.WebApi.csproj", "{6D604F8F-7314-43D8-BD9A-909900CAB24A}"
EndProject
Project("{2150E333-8FDC-42A3-9474-1A3956D46DE8}") = "SolutionItems", "SolutionItems", "{9C6D8264-C824-46F5-86D9-4A7D8D30023A}"
	ProjectSection(SolutionItems) = preProject
		Actualizaciones.txt = Actualizaciones.txt
	EndProjectSection
EndProject
Project("{FAE04EC0-301F-11D3-BF4B-00C04F79EFBC}") = "Backeame.Data", "Backeame.Data\Backeame.Data.csproj", "{047B219F-96B4-4550-82AC-C202B820E03A}"
EndProject
Project("{FAE04EC0-301F-11D3-BF4B-00C04F79EFBC}") = "Backeame.Data.Access", "Backeame.Data.Access\Backeame.Data.Access.csproj", "{DC81FC0B-69C3-4107-B9CD-F4A2B7DA0F5F}"
EndProject
Project("{FAE04EC0-301F-11D3-BF4B-00C04F79EFBC}") = "Backeame.Data.Repository", "Backeame.Data.Repository\Backeame.Data.Repository.csproj", "{04749331-B8B5-4862-B3F5-A358B2425DCC}"
EndProject
Project("{FAE04EC0-301F-11D3-BF4B-00C04F79EFBC}") = "Backeame.Business", "Backeame.Business\Backeame.Business.csproj", "{4B03C320-D300-4B12-A9AC-E8CE44B5C850}"
EndProject
Project("{FAE04EC0-301F-11D3-BF4B-00C04F79EFBC}") = "Backeame.Resolver", "Backeame.Resolver\Backeame.Resolver.csproj", "{BA1EFD6E-8D6A-412D-959E-36DAA763EA8F}"
EndProject
Project("{FAE04EC0-301F-11D3-BF4B-00C04F79EFBC}") = "Backeame.Magic", "Backeame.Magic\Backeame.Magic.csproj", "{B87BAB51-6C4B-4355-8499-923086C638AF}"
EndProject
Project("{FAE04EC0-301F-11D3-BF4B-00C04F79EFBC}") = "Backeame.Logging", "Backeame.Logging\Backeame.Logging.csproj", "{3BE9E578-C629-484D-A9B1-86B66FD5669F}"
EndProject
Project("{FAE04EC0-301F-11D3-BF4B-00C04F79EFBC}") = "Backeame.OwinManagers", "Backeame.OwinManagers\Backeame.OwinManagers.csproj", "{8D097E6C-83EC-4DC7-AFAA-AB0EB263632D}"
EndProject
Global
	GlobalSection(SolutionConfigurationPlatforms) = preSolution
		Debug|Any CPU = Debug|Any CPU
		Release|Any CPU = Release|Any CPU
	EndGlobalSection
	GlobalSection(ProjectConfigurationPlatforms) = postSolution
		{6D604F8F-7314-43D8-BD9A-909900CAB24A}.Debug|Any CPU.ActiveCfg = Debug|Any CPU
		{6D604F8F-7314-43D8-BD9A-909900CAB24A}.Debug|Any CPU.Build.0 = Debug|Any CPU
		{6D604F8F-7314-43D8-BD9A-909900CAB24A}.Release|Any CPU.ActiveCfg = Release|Any CPU
		{6D604F8F-7314-43D8-BD9A-909900CAB24A}.Release|Any CPU.Build.0 = Release|Any CPU
		{047B219F-96B4-4550-82AC-C202B820E03A}.Debug|Any CPU.ActiveCfg = Debug|Any CPU
		{047B219F-96B4-4550-82AC-C202B820E03A}.Debug|Any CPU.Build.0 = Debug|Any CPU
		{047B219F-96B4-4550-82AC-C202B820E03A}.Release|Any CPU.ActiveCfg = Release|Any CPU
		{047B219F-96B4-4550-82AC-C202B820E03A}.Release|Any CPU.Build.0 = Release|Any CPU
		{DC81FC0B-69C3-4107-B9CD-F4A2B7DA0F5F}.Debug|Any CPU.ActiveCfg = Debug|Any CPU
		{DC81FC0B-69C3-4107-B9CD-F4A2B7DA0F5F}.Debug|Any CPU.Build.0 = Debug|Any CPU
		{DC81FC0B-69C3-4107-B9CD-F4A2B7DA0F5F}.Release|Any CPU.ActiveCfg = Release|Any CPU
		{DC81FC0B-69C3-4107-B9CD-F4A2B7DA0F5F}.Release|Any CPU.Build.0 = Release|Any CPU
		{04749331-B8B5-4862-B3F5-A358B2425DCC}.Debug|Any CPU.ActiveCfg = Debug|Any CPU
		{04749331-B8B5-4862-B3F5-A358B2425DCC}.Debug|Any CPU.Build.0 = Debug|Any CPU
		{04749331-B8B5-4862-B3F5-A358B2425DCC}.Release|Any CPU.ActiveCfg = Release|Any CPU
		{04749331-B8B5-4862-B3F5-A358B2425DCC}.Release|Any CPU.Build.0 = Release|Any CPU
		{4B03C320-D300-4B12-A9AC-E8CE44B5C850}.Debug|Any CPU.ActiveCfg = Debug|Any CPU
		{4B03C320-D300-4B12-A9AC-E8CE44B5C850}.Debug|Any CPU.Build.0 = Debug|Any CPU
		{4B03C320-D300-4B12-A9AC-E8CE44B5C850}.Release|Any CPU.ActiveCfg = Release|Any CPU
		{4B03C320-D300-4B12-A9AC-E8CE44B5C850}.Release|Any CPU.Build.0 = Release|Any CPU
		{BA1EFD6E-8D6A-412D-959E-36DAA763EA8F}.Debug|Any CPU.ActiveCfg = Debug|Any CPU
		{BA1EFD6E-8D6A-412D-959E-36DAA763EA8F}.Debug|Any CPU.Build.0 = Debug|Any CPU
		{BA1EFD6E-8D6A-412D-959E-36DAA763EA8F}.Release|Any CPU.ActiveCfg = Release|Any CPU
		{BA1EFD6E-8D6A-412D-959E-36DAA763EA8F}.Release|Any CPU.Build.0 = Release|Any CPU
		{B87BAB51-6C4B-4355-8499-923086C638AF}.Debug|Any CPU.ActiveCfg = Debug|Any CPU
		{B87BAB51-6C4B-4355-8499-923086C638AF}.Debug|Any CPU.Build.0 = Debug|Any CPU
		{B87BAB51-6C4B-4355-8499-923086C638AF}.Release|Any CPU.ActiveCfg = Release|Any CPU
		{B87BAB51-6C4B-4355-8499-923086C638AF}.Release|Any CPU.Build.0 = Release|Any CPU
		{3BE9E578-C629-484D-A9B1-86B66FD5669F}.Debug|Any CPU.ActiveCfg = Debug|Any CPU
		{3BE9E578-C629-484D-A9B1-86B66FD5669F}.Debug|Any CPU.Build.0 = Debug|Any CPU
		{3BE9E578-C629-484D-A9B1-86B66FD5669F}.Release|Any CPU.ActiveCfg = Release|Any CPU
		{3BE9E578-C629-484D-A9B1-86B66FD5669F}.Release|Any CPU.Build.0 = Release|Any CPU
		{8D097E6C-83EC-4DC7-AFAA-AB0EB263632D}.Debug|Any CPU.ActiveCfg = Debug|Any CPU
		{8D097E6C-83EC-4DC7-AFAA-AB0EB263632D}.Debug|Any CPU.Build.0 = Debug|Any CPU
		{8D097E6C-83EC-4DC7-AFAA-AB0EB263632D}.Release|Any CPU.ActiveCfg = Release|Any CPU
		{8D097E6C-83EC-4DC7-AFAA-AB0EB263632D}.Release|Any CPU.Build.0 = Release|Any CPU
	EndGlobalSection
	GlobalSection(SolutionProperties) = preSolution
		HideSolutionNode = FALSE
	EndGlobalSection
EndGlobal
